{
  "requires": true,
  "lockfileVersion": 1,
  "dependencies": {
    "wot-thing-description-types": {
      "version": "1.1.0-11-November-2021",
      "resolved": "https://registry.npmjs.org/wot-thing-description-types/-/wot-thing-description-types-1.1.0-11-November-2021.tgz",
      "integrity": "sha512-siWXoejMltFqx+GsKsg88xrUTUD6MJisG4nxdY8XbXX2fsiqyzLRy7QO4fB0nQObblfHv3SMNVF6/Nl8gegDRw==",
      "dev": true
    }
  }
}
